
Microsoft Visual Studio Solution File, Format Version 12.00
# Visual Studio 14
VisualStudioVersion = 14.0.24720.0
MinimumVisualStudioVersion = 10.0.40219.1
Project("{FAE04EC0-301F-11D3-BF4B-00C04F79EFBC}") = "PTUO2", "PirateTUO2\PTUO2.csproj", "{90A17AD6-4ACD-4E05-9268-4F0D08834027}"
EndProject
Global
	GlobalSection(SolutionConfigurationPlatforms) = preSolution
		Debug|Any CPU = Debug|Any CPU
		PirateTUO2_DT|Any CPU = PirateTUO2_DT|Any CPU
		Release|Any CPU = Release|Any CPU
	EndGlobalSection
	GlobalSection(ProjectConfigurationPlatforms) = postSolution
		{90A17AD6-4ACD-4E05-9268-4F0D08834027}.Debug|Any CPU.ActiveCfg = Debug|Any CPU
		{90A17AD6-4ACD-4E05-9268-4F0D08834027}.Debug|Any CPU.Build.0 = Debug|Any CPU
		{90A17AD6-4ACD-4E05-9268-4F0D08834027}.PirateTUO2_DT|Any CPU.ActiveCfg = Debug|Any CPU
		{90A17AD6-4ACD-4E05-9268-4F0D08834027}.PirateTUO2_DT|Any CPU.Build.0 = Debug|Any CPU
		{90A17AD6-4ACD-4E05-9268-4F0D08834027}.Release|Any CPU.ActiveCfg = Release|Any CPU
		{90A17AD6-4ACD-4E05-9268-4F0D08834027}.Release|Any CPU.Build.0 = Release|Any CPU
	EndGlobalSection
	GlobalSection(SolutionProperties) = preSolution
		HideSolutionNode = FALSE
	EndGlobalSection
EndGlobal
